
Microsoft Visual Studio Solution File, Format Version 12.00
# Visual Studio Version 17
VisualStudioVersion = 17.0.31903.59
MinimumVisualStudioVersion = 10.0.40219.1
Project("{2150E333-8FDC-42A3-9474-1A3956D46DE8}") = "src", "src", "{827E0CD3-B72D-47B6-A68D-7590B98EB39B}"
EndProject
Project("{FAE04EC0-301F-11D3-BF4B-00C04F79EFBC}") = "BetterScreenshot.Core", "src\BetterScreenshot.Core\BetterScreenshot.Core.csproj", "{908CE309-F9E3-4A52-9C18-81B395557729}"
EndProject
Project("{FAE04EC0-301F-11D3-BF4B-00C04F79EFBC}") = "BetterScreenshot.Capture", "src\BetterScreenshot.Capture\BetterScreenshot.Capture.csproj", "{783F8BED-0F4C-4581-82F4-372CD9983335}"
EndProject
Project("{FAE04EC0-301F-11D3-BF4B-00C04F79EFBC}") = "BetterScreenshot.Editor", "src\BetterScreenshot.Editor\BetterScreenshot.Editor.csproj", "{E3520FF2-C58B-42CC-BE7D-B9C605DDDB56}"
EndProject
Project("{FAE04EC0-301F-11D3-BF4B-00C04F79EFBC}") = "BetterScreenshot.History", "src\BetterScreenshot.History\BetterScreenshot.History.csproj", "{30573ACA-547D-4F90-BFFB-EB34573A48DF}"
EndProject
Project("{FAE04EC0-301F-11D3-BF4B-00C04F79EFBC}") = "BetterScreenshot.Recording", "src\BetterScreenshot.Recording\BetterScreenshot.Recording.csproj", "{4E530DCA-B670-4133-A704-35086D03D4ED}"
EndProject
Project("{FAE04EC0-301F-11D3-BF4B-00C04F79EFBC}") = "BetterScreenshot.Platform", "src\BetterScreenshot.Platform\BetterScreenshot.Platform.csproj", "{5A4D93B6-F6FB-4B41-A399-091E25A85F61}"
EndProject
Project("{FAE04EC0-301F-11D3-BF4B-00C04F79EFBC}") = "BetterScreenshot.App", "src\BetterScreenshot.App\BetterScreenshot.App.csproj", "{C692B3D2-E17F-4736-B70E-F8050BCA7330}"
EndProject
Project("{FAE04EC0-301F-11D3-BF4B-00C04F79EFBC}") = "BetterScreenshot.Tests", "tests\BetterScreenshot.Tests\BetterScreenshot.Tests.csproj", "{8E377021-85F1-44BC-9A93-FE40E7B59A6F}"
EndProject
Project("{FAE04EC0-301F-11D3-BF4B-00C04F79EFBC}") = "BetterScreenshot.Tours", "src\BetterScreenshot.Tours\BetterScreenshot.Tours.csproj", "{B6AE8AB5-14AA-4501-A31E-4A8C08A5D041}"
EndProject
Global
	GlobalSection(SolutionConfigurationPlatforms) = preSolution
		Debug|Any CPU = Debug|Any CPU
		Debug|x64 = Debug|x64
		Debug|x86 = Debug|x86
		Release|Any CPU = Release|Any CPU
		Release|x64 = Release|x64
		Release|x86 = Release|x86
	EndGlobalSection
	GlobalSection(ProjectConfigurationPlatforms) = postSolution
		{908CE309-F9E3-4A52-9C18-81B395557729}.Debug|Any CPU.ActiveCfg = Debug|Any CPU
		{908CE309-F9E3-4A52-9C18-81B395557729}.Debug|Any CPU.Build.0 = Debug|Any CPU
		{908CE309-F9E3-4A52-9C18-81B395557729}.Debug|x64.ActiveCfg = Debug|Any CPU
		{908CE309-F9E3-4A52-9C18-81B395557729}.Debug|x64.Build.0 = Debug|Any CPU
		{908CE309-F9E3-4A52-9C18-81B395557729}.Debug|x86.ActiveCfg = Debug|Any CPU
		{908CE309-F9E3-4A52-9C18-81B395557729}.Debug|x86.Build.0 = Debug|Any CPU
		{908CE309-F9E3-4A52-9C18-81B395557729}.Release|Any CPU.ActiveCfg = Release|Any CPU
		{908CE309-F9E3-4A52-9C18-81B395557729}.Release|Any CPU.Build.0 = Release|Any CPU
		{908CE309-F9E3-4A52-9C18-81B395557729}.Release|x64.ActiveCfg = Release|Any CPU
		{908CE309-F9E3-4A52-9C18-81B395557729}.Release|x64.Build.0 = Release|Any CPU
		{908CE309-F9E3-4A52-9C18-81B395557729}.Release|x86.ActiveCfg = Release|Any CPU
		{908CE309-F9E3-4A52-9C18-81B395557729}.Release|x86.Build.0 = Release|Any CPU
		{783F8BED-0F4C-4581-82F4-372CD9983335}.Debug|Any CPU.ActiveCfg = Debug|Any CPU
		{783F8BED-0F4C-4581-82F4-372CD9983335}.Debug|Any CPU.Build.0 = Debug|Any CPU
		{783F8BED-0F4C-4581-82F4-372CD9983335}.Debug|x64.ActiveCfg = Debug|Any CPU
		{783F8BED-0F4C-4581-82F4-372CD9983335}.Debug|x64.Build.0 = Debug|Any CPU
		{783F8BED-0F4C-4581-82F4-372CD9983335}.Debug|x86.ActiveCfg = Debug|Any CPU
		{783F8BED-0F4C-4581-82F4-372CD9983335}.Debug|x86.Build.0 = Debug|Any CPU
		{783F8BED-0F4C-4581-82F4-372CD9983335}.Release|Any CPU.ActiveCfg = Release|Any CPU
		{783F8BED-0F4C-4581-82F4-372CD9983335}.Release|Any CPU.Build.0 = Release|Any CPU
		{783F8BED-0F4C-4581-82F4-372CD9983335}.Release|x64.ActiveCfg = Release|Any CPU
		{783F8BED-0F4C-4581-82F4-372CD9983335}.Release|x64.Build.0 = Release|Any CPU
		{783F8BED-0F4C-4581-82F4-372CD9983335}.Release|x86.ActiveCfg = Release|Any CPU
		{783F8BED-0F4C-4581-82F4-372CD9983335}.Release|x86.Build.0 = Release|Any CPU
		{E3520FF2-C58B-42CC-BE7D-B9C605DDDB56}.Debug|Any CPU.ActiveCfg = Debug|Any CPU
		{E3520FF2-C58B-42CC-BE7D-B9C605DDDB56}.Debug|Any CPU.Build.0 = Debug|Any CPU
		{E3520FF2-C58B-42CC-BE7D-B9C605DDDB56}.Debug|x64.ActiveCfg = Debug|Any CPU
		{E3520FF2-C58B-42CC-BE7D-B9C605DDDB56}.Debug|x64.Build.0 = Debug|Any CPU
		{E3520FF2-C58B-42CC-BE7D-B9C605DDDB56}.Debug|x86.ActiveCfg = Debug|Any CPU
		{E3520FF2-C58B-42CC-BE7D-B9C605DDDB56}.Debug|x86.Build.0 = Debug|Any CPU
		{E3520FF2-C58B-42CC-BE7D-B9C605DDDB56}.Release|Any CPU.ActiveCfg = Release|Any CPU
		{E3520FF2-C58B-42CC-BE7D-B9C605DDDB56}.Release|Any CPU.Build.0 = Release|Any CPU
		{E3520FF2-C58B-42CC-BE7D-B9C605DDDB56}.Release|x64.ActiveCfg = Release|Any CPU
		{E3520FF2-C58B-42CC-BE7D-B9C605DDDB56}.Release|x64.Build.0 = Release|Any CPU
		{E3520FF2-C58B-42CC-BE7D-B9C605DDDB56}.Release|x86.ActiveCfg = Release|Any CPU
		{E3520FF2-C58B-42CC-BE7D-B9C605DDDB56}.Release|x86.Build.0 = Release|Any CPU
		{30573ACA-547D-4F90-BFFB-EB34573A48DF}.Debug|Any CPU.ActiveCfg = Debug|Any CPU
		{30573ACA-547D-4F90-BFFB-EB34573A48DF}.Debug|Any CPU.Build.0 = Debug|Any CPU
		{30573ACA-547D-4F90-BFFB-EB34573A48DF}.Debug|x64.ActiveCfg = Debug|Any CPU
		{30573ACA-547D-4F90-BFFB-EB34573A48DF}.Debug|x64.Build.0 = Debug|Any CPU
		{30573ACA-547D-4F90-BFFB-EB34573A48DF}.Debug|x86.ActiveCfg = Debug|Any CPU
		{30573ACA-547D-4F90-BFFB-EB34573A48DF}.Debug|x86.Build.0 = Debug|Any CPU
		{30573ACA-547D-4F90-BFFB-EB34573A48DF}.Release|Any CPU.ActiveCfg = Release|Any CPU
		{30573ACA-547D-4F90-BFFB-EB34573A48DF}.Release|Any CPU.Build.0 = Release|Any CPU
		{30573ACA-547D-4F90-BFFB-EB34573A48DF}.Release|x64.ActiveCfg = Release|Any CPU
		{30573ACA-547D-4F90-BFFB-EB34573A48DF}.Release|x64.Build.0 = Release|Any CPU
		{30573ACA-547D-4F90-BFFB-EB34573A48DF}.Release|x86.ActiveCfg = Release|Any CPU
		{30573ACA-547D-4F90-BFFB-EB34573A48DF}.Release|x86.Build.0 = Release|Any CPU
		{4E530DCA-B670-4133-A704-35086D03D4ED}.Debug|Any CPU.ActiveCfg = Debug|Any CPU
		{4E530DCA-B670-4133-A704-35086D03D4ED}.Debug|Any CPU.Build.0 = Debug|Any CPU
		{4E530DCA-B670-4133-A704-35086D03D4ED}.Debug|x64.ActiveCfg = Debug|Any CPU
		{4E530DCA-B670-4133-A704-35086D03D4ED}.Debug|x64.Build.0 = Debug|Any CPU
		{4E530DCA-B670-4133-A704-35086D03D4ED}.Debug|x86.ActiveCfg = Debug|Any CPU
		{4E530DCA-B670-4133-A704-35086D03D4ED}.Debug|x86.Build.0 = Debug|Any CPU
		{4E530DCA-B670-4133-A704-35086D03D4ED}.Release|Any CPU.ActiveCfg = Release|Any CPU
		{4E530DCA-B670-4133-A704-35086D03D4ED}.Release|Any CPU.Build.0 = Release|Any CPU
		{4E530DCA-B670-4133-A704-35086D03D4ED}.Release|x64.ActiveCfg = Release|Any CPU
		{4E530DCA-B670-4133-A704-35086D03D4ED}.Release|x64.Build.0 = Release|Any CPU
		{4E530DCA-B670-4133-A704-35086D03D4ED}.Release|x86.ActiveCfg = Release|Any CPU
		{4E530DCA-B670-4133-A704-35086D03D4ED}.Release|x86.Build.0 = Release|Any CPU
		{5A4D93B6-F6FB-4B41-A399-091E25A85F61}.Debug|Any CPU.ActiveCfg = Debug|Any CPU
		{5A4D93B6-F6FB-4B41-A399-091E25A85F61}.Debug|Any CPU.Build.0 = Debug|Any CPU
		{5A4D93B6-F6FB-4B41-A399-091E25A85F61}.Debug|x64.ActiveCfg = Debug|Any CPU
		{5A4D93B6-F6FB-4B41-A399-091E25A85F61}.Debug|x64.Build.0 = Debug|Any CPU
		{5A4D93B6-F6FB-4B41-A399-091E25A85F61}.Debug|x86.ActiveCfg = Debug|Any CPU
		{5A4D93B6-F6FB-4B41-A399-091E25A85F61}.Debug|x86.Build.0 = Debug|Any CPU
		{5A4D93B6-F6FB-4B41-A399-091E25A85F61}.Release|Any CPU.ActiveCfg = Release|Any CPU
		{5A4D93B6-F6FB-4B41-A399-091E25A85F61}.Release|Any CPU.Build.0 = Release|Any CPU
		{5A4D93B6-F6FB-4B41-A399-091E25A85F61}.Release|x64.ActiveCfg = Release|Any CPU
		{5A4D93B6-F6FB-4B41-A399-091E25A85F61}.Release|x64.Build.0 = Release|Any CPU
		{5A4D93B6-F6FB-4B41-A399-091E25A85F61}.Release|x86.ActiveCfg = Release|Any CPU
		{5A4D93B6-F6FB-4B41-A399-091E25A85F61}.Release|x86.Build.0 = Release|Any CPU
		{C692B3D2-E17F-4736-B70E-F8050BCA7330}.Debug|Any CPU.ActiveCfg = Debug|Any CPU
		{C692B3D2-E17F-4736-B70E-F8050BCA7330}.Debug|Any CPU.Build.0 = Debug|Any CPU
		{C692B3D2-E17F-4736-B70E-F8050BCA7330}.Debug|x64.ActiveCfg = Debug|Any CPU
		{C692B3D2-E17F-4736-B70E-F8050BCA7330}.Debug|x64.Build.0 = Debug|Any CPU
		{C692B3D2-E17F-4736-B70E-F8050BCA7330}.Debug|x86.ActiveCfg = Debug|Any CPU
		{C692B3D2-E17F-4736-B70E-F8050BCA7330}.Debug|x86.Build.0 = Debug|Any CPU
		{C692B3D2-E17F-4736-B70E-F8050BCA7330}.Release|Any CPU.ActiveCfg = Release|Any CPU
		{C692B3D2-E17F-4736-B70E-F8050BCA7330}.Release|Any CPU.Build.0 = Release|Any CPU
		{C692B3D2-E17F-4736-B70E-F8050BCA7330}.Release|x64.ActiveCfg = Release|Any CPU
		{C692B3D2-E17F-4736-B70E-F8050BCA7330}.Release|x64.Build.0 = Release|Any CPU
		{C692B3D2-E17F-4736-B70E-F8050BCA7330}.Release|x86.ActiveCfg = Release|Any CPU
		{C692B3D2-E17F-4736-B70E-F8050BCA7330}.Release|x86.Build.0 = Release|Any CPU
		{8E377021-85F1-44BC-9A93-FE40E7B59A6F}.Debug|Any CPU.ActiveCfg = Debug|Any CPU
		{8E377021-85F1-44BC-9A93-FE40E7B59A6F}.Debug|Any CPU.Build.0 = Debug|Any CPU
		{8E377021-85F1-44BC-9A93-FE40E7B59A6F}.Debug|x64.ActiveCfg = Debug|Any CPU
		{8E377021-85F1-44BC-9A93-FE40E7B59A6F}.Debug|x64.Build.0 = Debug|Any CPU
		{8E377021-85F1-44BC-9A93-FE40E7B59A6F}.Debug|x86.ActiveCfg = Debug|Any CPU
		{8E377021-85F1-44BC-9A93-FE40E7B59A6F}.Debug|x86.Build.0 = Debug|Any CPU
		{8E377021-85F1-44BC-9A93-FE40E7B59A6F}.Release|Any CPU.ActiveCfg = Release|Any CPU
		{8E377021-85F1-44BC-9A93-FE40E7B59A6F}.Release|Any CPU.Build.0 = Release|Any CPU
		{8E377021-85F1-44BC-9A93-FE40E7B59A6F}.Release|x64.ActiveCfg = Release|Any CPU
		{8E377021-85F1-44BC-9A93-FE40E7B59A6F}.Release|x64.Build.0 = Release|Any CPU
		{8E377021-85F1-44BC-9A93-FE40E7B59A6F}.Release|x86.ActiveCfg = Release|Any CPU
		{8E377021-85F1-44BC-9A93-FE40E7B59A6F}.Release|x86.Build.0 = Release|Any CPU
		{B6AE8AB5-14AA-4501-A31E-4A8C08A5D041}.Debug|Any CPU.ActiveCfg = Debug|Any CPU
		{B6AE8AB5-14AA-4501-A31E-4A8C08A5D041}.Debug|Any CPU.Build.0 = Debug|Any CPU
		{B6AE8AB5-14AA-4501-A31E-4A8C08A5D041}.Debug|x64.ActiveCfg = Debug|Any CPU
		{B6AE8AB5-14AA-4501-A31E-4A8C08A5D041}.Debug|x64.Build.0 = Debug|Any CPU
		{B6AE8AB5-14AA-4501-A31E-4A8C08A5D041}.Debug|x86.ActiveCfg = Debug|Any CPU
		{B6AE8AB5-14AA-4501-A31E-4A8C08A5D041}.Debug|x86.Build.0 = Debug|Any CPU
		{B6AE8AB5-14AA-4501-A31E-4A8C08A5D041}.Release|Any CPU.ActiveCfg = Release|Any CPU
		{B6AE8AB5-14AA-4501-A31E-4A8C08A5D041}.Release|Any CPU.Build.0 = Release|Any CPU
		{B6AE8AB5-14AA-4501-A31E-4A8C08A5D041}.Release|x64.ActiveCfg = Release|Any CPU
		{B6AE8AB5-14AA-4501-A31E-4A8C08A5D041}.Release|x64.Build.0 = Release|Any CPU
		{B6AE8AB5-14AA-4501-A31E-4A8C08A5D041}.Release|x86.ActiveCfg = Release|Any CPU
		{B6AE8AB5-14AA-4501-A31E-4A8C08A5D041}.Release|x86.Build.0 = Release|Any CPU
	EndGlobalSection
	GlobalSection(SolutionProperties) = preSolution
		HideSolutionNode = FALSE
	EndGlobalSection
	GlobalSection(NestedProjects) = preSolution
		{908CE309-F9E3-4A52-9C18-81B395557729} = {827E0CD3-B72D-47B6-A68D-7590B98EB39B}
		{783F8BED-0F4C-4581-82F4-372CD9983335} = {827E0CD3-B72D-47B6-A68D-7590B98EB39B}
		{E3520FF2-C58B-42CC-BE7D-B9C605DDDB56} = {827E0CD3-B72D-47B6-A68D-7590B98EB39B}
		{30573ACA-547D-4F90-BFFB-EB34573A48DF} = {827E0CD3-B72D-47B6-A68D-7590B98EB39B}
		{4E530DCA-B670-4133-A704-35086D03D4ED} = {827E0CD3-B72D-47B6-A68D-7590B98EB39B}
		{5A4D93B6-F6FB-4B41-A399-091E25A85F61} = {827E0CD3-B72D-47B6-A68D-7590B98EB39B}
		{C692B3D2-E17F-4736-B70E-F8050BCA7330} = {827E0CD3-B72D-47B6-A68D-7590B98EB39B}
		{8E377021-85F1-44BC-9A93-FE40E7B59A6F} = {827E0CD3-B72D-47B6-A68D-7590B98EB39B}
		{B6AE8AB5-14AA-4501-A31E-4A8C08A5D041} = {827E0CD3-B72D-47B6-A68D-7590B98EB39B}
	EndGlobalSection
EndGlobal
